<?xml version="1.0" encoding="utf-8"?>
<Project ToolsVersion="4.0" xmlns="http://schemas.microsoft.com/developer/msbuild/2003">
  <ItemGroup>
    <Filter Include="源文件">
      <UniqueIdentifier>{4FC737F1-C7A5-4376-A066-2A32D752A2FF}</UniqueIdentifier>
      <Extensions>cpp;c;cc;cxx;def;odl;idl;hpj;bat;asm;asmx</Extensions>
    </Filter>
    <Filter Include="头文件">
      <UniqueIdentifier>{93995380-89BD-4b04-88EB-625FBE52EBFB}</UniqueIdentifier>
      <Extensions>h;hpp;hxx;hm;inl;inc;xsd</Extensions>
    </Filter>
    <Filter Include="资源文件">
      <UniqueIdentifier>{67DA6AB6-F800-4c08-8B7A-83BB121AAD01}</UniqueIdentifier>
      <Extensions>rc;ico;cur;bmp;dlg;rc2;rct;bin;rgs;gif;jpg;jpeg;jpe;resx;tiff;tif;png;wav;mfcribbon-ms</Extensions>
    </Filter>
    <Filter Include="strategy">
      <UniqueIdentifier>{82463a3a-9884-4cd2-adba-fc09b42adda4}</UniqueIdentifier>
    </Filter>
    <Filter Include="singleton">
      <UniqueIdentifier>{b8765eb9-a5be-4b3e-8407-d71ddc481217}</UniqueIdentifier>
    </Filter>
    <Filter Include="plugins">
      <UniqueIdentifier>{0f408f93-909e-40ba-903f-feb69d85cb4a}</UniqueIdentifier>
    </Filter>
    <Filter Include="events">
      <UniqueIdentifier>{9de9927f-af8d-45d2-aaf7-db773c920821}</UniqueIdentifier>
    </Filter>
  </ItemGroup>
  <ItemGroup>
    <None Include="ReadMe.txt" />
    <None Include="res\ghoul.rc2">
      <Filter>资源文件</Filter>
    </None>
    <None Include="res\ghoul.ico">
      <Filter>资源文件</Filter>
    </None>
    <None Include="public\views\main.html" />
    <None Include="public\css\bootstrap.min.css" />
    <None Include="public\css\bootstrap-theme.min.css" />
    <None Include="public\js\bootstrap.min.js" />
    <None Include="public\js\jquery.comjquery-1.9.1.min.js" />
    <None Include="public\css\jquery-ui.min.css" />
    <None Include="public\js\jquery-ui.min.js" />
    <None Include="public\js\circular_buffer.js" />
    <None Include="public\views\plugins.html" />
    <None Include="res\BTNCannibalize.ico">
      <Filter>资源文件</Filter>
    </None>
    <None Include="res\BTNExhumeCorpses.ico">
      <Filter>资源文件</Filter>
    </None>
  </ItemGroup>
  <ItemGroup>
    <ClInclude Include="ghoul.h">
      <Filter>头文件</Filter>
    </ClInclude>
    <ClInclude Include="ghoulDlg.h">
      <Filter>头文件</Filter>
    </ClInclude>
    <ClInclude Include="stdafx.h">
      <Filter>头文件</Filter>
    </ClInclude>
    <ClInclude Include="targetver.h">
      <Filter>头文件</Filter>
    </ClInclude>
    <ClInclude Include="Resource.h">
      <Filter>头文件</Filter>
    </ClInclude>
    <ClInclude Include="strategy_interface.h">
      <Filter>strategy</Filter>
    </ClInclude>
    <ClInclude Include="strategy_window.h">
      <Filter>strategy</Filter>
    </ClInclude>
    <ClInclude Include="singleton_cnf.h">
      <Filter>singleton</Filter>
    </ClInclude>
    <ClInclude Include="plugins.h">
      <Filter>plugins</Filter>
    </ClInclude>
    <ClInclude Include="strategy_cmds.h">
      <Filter>strategy</Filter>
    </ClInclude>
    <ClInclude Include="events.h">
      <Filter>events</Filter>
    </ClInclude>
    <ClInclude Include="PluginsDialog.h">
      <Filter>头文件</Filter>
    </ClInclude>
  </ItemGroup>
  <ItemGroup>
    <ClCompile Include="ghoul.cpp">
      <Filter>源文件</Filter>
    </ClCompile>
    <ClCompile Include="ghoulDlg.cpp">
      <Filter>源文件</Filter>
    </ClCompile>
    <ClCompile Include="stdafx.cpp">
      <Filter>源文件</Filter>
    </ClCompile>
    <ClCompile Include="strategy_interface.cpp">
      <Filter>strategy</Filter>
    </ClCompile>
    <ClCompile Include="strategy_window.cpp">
      <Filter>strategy</Filter>
    </ClCompile>
    <ClCompile Include="singleton_cnf.cpp">
      <Filter>singleton</Filter>
    </ClCompile>
    <ClCompile Include="plugins.cpp">
      <Filter>plugins</Filter>
    </ClCompile>
    <ClCompile Include="strategy_cmds.cpp">
      <Filter>strategy</Filter>
    </ClCompile>
    <ClCompile Include="events.cpp">
      <Filter>events</Filter>
    </ClCompile>
    <ClCompile Include="PluginsDialog.cpp">
      <Filter>源文件</Filter>
    </ClCompile>
  </ItemGroup>
  <ItemGroup>
    <ResourceCompile Include="ghoul.rc">
      <Filter>资源文件</Filter>
    </ResourceCompile>
  </ItemGroup>
</Project>